
Microsoft Visual Studio Solution File, Format Version 12.00
# Visual Studio 15
VisualStudioVersion = 15.0.28307.168
MinimumVisualStudioVersion = 10.0.40219.1
Project("{8BC9CEB8-8B4A-11D0-8D11-00A0C91BC942}") = "SPPCalculator", "SPPCalculator\SPPCalculator.vcxproj", "{9094C969-9B0F-476C-8660-FB98FB4CC2F1}"
EndProject
Global
	GlobalSection(SolutionConfigurationPlatforms) = preSolution
		Debug|x64 = Debug|x64
		Debug|x86 = Debug|x86
		Release|x64 = Release|x64
		Release|x86 = Release|x86
	EndGlobalSection
	GlobalSection(ProjectConfigurationPlatforms) = postSolution
		{9094C969-9B0F-476C-8660-FB98FB4CC2F1}.Debug|x64.ActiveCfg = Debug|x64
		{9094C969-9B0F-476C-8660-FB98FB4CC2F1}.Debug|x64.Build.0 = Debug|x64
		{9094C969-9B0F-476C-8660-FB98FB4CC2F1}.Debug|x86.ActiveCfg = Debug|Win32
		{9094C969-9B0F-476C-8660-FB98FB4CC2F1}.Debug|x86.Build.0 = Debug|Win32
		{9094C969-9B0F-476C-8660-FB98FB4CC2F1}.Release|x64.ActiveCfg = Release|x64
		{9094C969-9B0F-476C-8660-FB98FB4CC2F1}.Release|x64.Build.0 = Release|x64
		{9094C969-9B0F-476C-8660-FB98FB4CC2F1}.Release|x86.ActiveCfg = Release|Win32
		{9094C969-9B0F-476C-8660-FB98FB4CC2F1}.Release|x86.Build.0 = Release|Win32
	EndGlobalSection
	GlobalSection(SolutionProperties) = preSolution
		HideSolutionNode = FALSE
	EndGlobalSection
	GlobalSection(ExtensibilityGlobals) = postSolution
		SolutionGuid = {E45820B5-5EFC-4BB8-B292-D02BF1F5371F}
	EndGlobalSection
EndGlobal
